// !$*UTF8*$!
{
	archiveVersion = 1;
	classes = {
	};
	objectVersion = 55;
	objects = {

/* Begin PBXBuildFile section */
		09394F6A29367C40000FECD2 /* AppDelegate.swift in Sources */ = {isa = PBXBuildFile; fileRef = 09394F6929367C40000FECD2 /* AppDelegate.swift */; };
		09394F6C29367C40000FECD2 /* SceneDelegate.swift in Sources */ = {isa = PBXBuildFile; fileRef = 09394F6B29367C40000FECD2 /* SceneDelegate.swift */; };
		09394F6E29367C40000FECD2 /* ViewController.swift in Sources */ = {isa = PBXBuildFile; fileRef = 09394F6D29367C40000FECD2 /* ViewController.swift */; };
		09394F7129367C40000FECD2 /* Main.storyboard in Resources */ = {isa = PBXBuildFile; fileRef = 09394F6F29367C40000FECD2 /* Main.storyboard */; };
		09394F7329367C45000FECD2 /* Assets.xcassets in Resources */ = {isa = PBXBuildFile; fileRef = 09394F7229367C45000FECD2 /* Assets.xcassets */; };
		09394F7629367C45000FECD2 /* LaunchScreen.storyboard in Resources */ = {isa = PBXBuildFile; fileRef = 09394F7429367C45000FECD2 /* LaunchScreen.storyboard */; };
		09394F7F29367FE8000FECD2 /* SnapKit in Frameworks */ = {isa = PBXBuildFile; productRef = 09394F7E29367FE8000FECD2 /* SnapKit */; };
		09394F8129368116000FECD2 /* Model.swift in Sources */ = {isa = PBXBuildFile; fileRef = 09394F8029368116000FECD2 /* Model.swift */; };
		09394F832936815B000FECD2 /* TableViewCell.swift in Sources */ = {isa = PBXBuildFile; fileRef = 09394F822936815A000FECD2 /* TableViewCell.swift */; };
		09394F85293681F4000FECD2 /* DetailViewController.swift in Sources */ = {isa = PBXBuildFile; fileRef = 09394F84293681F4000FECD2 /* DetailViewController.swift */; };
		96AAC3BA193CA2BB62658082 /* Pods_HW_21.framework in Frameworks */ = {isa = PBXBuildFile; fileRef = EE9046DBC59EC26E90F396F1 /* Pods_HW_21.framework */; };
/* End PBXBuildFile section */

/* Begin PBXFileReference section */
		09394F6629367C40000FECD2 /* HW-21.app */ = {isa = PBXFileReference; explicitFileType = wrapper.application; includeInIndex = 0; path = "HW-21.app"; sourceTree = BUILT_PRODUCTS_DIR; };
		09394F6929367C40000FECD2 /* AppDelegate.swift */ = {isa = PBXFileReference; lastKnownFileType = sourcecode.swift; path = AppDelegate.swift; sourceTree = "<group>"; };
		09394F6B29367C40000FECD2 /* SceneDelegate.swift */ = {isa = PBXFileReference; lastKnownFileType = sourcecode.swift; path = SceneDelegate.swift; sourceTree = "<group>"; };
		09394F6D29367C40000FECD2 /* ViewController.swift */ = {isa = PBXFileReference; lastKnownFileType = sourcecode.swift; path = ViewController.swift; sourceTree = "<group>"; };
		09394F7029367C40000FECD2 /* Base */ = {isa = PBXFileReference; lastKnownFileType = file.storyboard; name = Base; path = Base.lproj/Main.storyboard; sourceTree = "<group>"; };
		09394F7229367C45000FECD2 /* Assets.xcassets */ = {isa = PBXFileReference; lastKnownFileType = folder.assetcatalog; path = Assets.xcassets; sourceTree = "<group>"; };
		09394F7529367C45000FECD2 /* Base */ = {isa = PBXFileReference; lastKnownFileType = file.storyboard; name = Base; path = Base.lproj/LaunchScreen.storyboard; sourceTree = "<group>"; };
		09394F7729367C45000FECD2 /* Info.plist */ = {isa = PBXFileReference; lastKnownFileType = text.plist.xml; path = Info.plist; sourceTree = "<group>"; };
		09394F8029368116000FECD2 /* Model.swift */ = {isa = PBXFileReference; lastKnownFileType = sourcecode.swift; path = Model.swift; sourceTree = "<group>"; };
		09394F822936815A000FECD2 /* TableViewCell.swift */ = {isa = PBXFileReference; lastKnownFileType = sourcecode.swift; path = TableViewCell.swift; sourceTree = "<group>"; };
		09394F84293681F4000FECD2 /* DetailViewController.swift */ = {isa = PBXFileReference; lastKnownFileType = sourcecode.swift; path = DetailViewController.swift; sourceTree = "<group>"; };
		BE636B837AA9FA577D9197BC /* Pods-HW-21.release.xcconfig */ = {isa = PBXFileReference; includeInIndex = 1; lastKnownFileType = text.xcconfig; name = "Pods-HW-21.release.xcconfig"; path = "Target Support Files/Pods-HW-21/Pods-HW-21.release.xcconfig"; sourceTree = "<group>"; };
		DCD0E30D8AAE209F4F8C9EE6 /* Pods-HW-21.debug.xcconfig */ = {isa = PBXFileReference; includeInIndex = 1; lastKnownFileType = text.xcconfig; name = "Pods-HW-21.debug.xcconfig"; path = "Target Support Files/Pods-HW-21/Pods-HW-21.debug.xcconfig"; sourceTree = "<group>"; };
		EE9046DBC59EC26E90F396F1 /* Pods_HW_21.framework */ = {isa = PBXFileReference; explicitFileType = wrapper.framework; includeInIndex = 0; path = Pods_HW_21.framework; sourceTree = BUILT_PRODUCTS_DIR; };
/* End PBXFileReference section */

/* Begin PBXFrameworksBuildPhase section */
		09394F6329367C40000FECD2 /* Frameworks */ = {
			isa = PBXFrameworksBuildPhase;
			buildActionMask = 2147483647;
			files = (
				96AAC3BA193CA2BB62658082 /* Pods_HW_21.framework in Frameworks */,
				09394F7F29367FE8000FECD2 /* SnapKit in Frameworks */,
			);
			runOnlyForDeploymentPostprocessing = 0;
		};
/* End PBXFrameworksBuildPhase section */

/* Begin PBXGroup section */
		09394F5D29367C40000FECD2 = {
			isa = PBXGroup;
			children = (
				09394F6829367C40000FECD2 /* HW-21 */,
				09394F6729367C40000FECD2 /* Products */,
				7B173DB5C20DDFB758365577 /* Pods */,
				CAEB5A747964B0A417B20F0A /* Frameworks */,
			);
			sourceTree = "<group>";
		};
		09394F6729367C40000FECD2 /* Products */ = {
			isa = PBXGroup;
			children = (
				09394F6629367C40000FECD2 /* HW-21.app */,
			);
			name = Products;
			sourceTree = "<group>";
		};
		09394F6829367C40000FECD2 /* HW-21 */ = {
			isa = PBXGroup;
			children = (
				09394F862936A11C000FECD2 /* App */,
				09394F872936A126000FECD2 /* Sources */,
				09394F882936A12F000FECD2 /* Resources */,
				09394F7729367C45000FECD2 /* Info.plist */,
			);
			path = "HW-21";
			sourceTree = "<group>";
		};
		09394F862936A11C000FECD2 /* App */ = {
			isa = PBXGroup;
			children = (
				09394F6B29367C40000FECD2 /* SceneDelegate.swift */,
				09394F6929367C40000FECD2 /* AppDelegate.swift */,
			);
			path = App;
			sourceTree = "<group>";
		};
		09394F872936A126000FECD2 /* Sources */ = {
			isa = PBXGroup;
			children = (
				09394F6D29367C40000FECD2 /* ViewController.swift */,
				09394F84293681F4000FECD2 /* DetailViewController.swift */,
				09394F822936815A000FECD2 /* TableViewCell.swift */,
				09394F8029368116000FECD2 /* Model.swift */,
			);
			path = Sources;
			sourceTree = "<group>";
		};
		09394F882936A12F000FECD2 /* Resources */ = {
			isa = PBXGroup;
			children = (
				09394F6F29367C40000FECD2 /* Main.storyboard */,
				09394F7429367C45000FECD2 /* LaunchScreen.storyboard */,
				09394F7229367C45000FECD2 /* Assets.xcassets */,
			);
			path = Resources;
			sourceTree = "<group>";
		};
		7B173DB5C20DDFB758365577 /* Pods */ = {
			isa = PBXGroup;
			children = (
				DCD0E30D8AAE209F4F8C9EE6 /* Pods-HW-21.debug.xcconfig */,
				BE636B837AA9FA577D9197BC /* Pods-HW-21.release.xcconfig */,
			);
			path = Pods;
			sourceTree = "<group>";
		};
		CAEB5A747964B0A417B20F0A /* Frameworks */ = {
			isa = PBXGroup;
			children = (
				EE9046DBC59EC26E90F396F1 /* Pods_HW_21.framework */,
			);
			name = Frameworks;
			sourceTree = "<group>";
		};
/* End PBXGroup section */

/* Begin PBXNativeTarget section */
		09394F6529367C40000FECD2 /* HW-21 */ = {
			isa = PBXNativeTarget;
			buildConfigurationList = 09394F7A29367C45000FECD2 /* Build configuration list for PBXNativeTarget "HW-21" */;
			buildPhases = (
				4583D72A4D96B38DA481E2C7 /* [CP] Check Pods Manifest.lock */,
				09394F6229367C40000FECD2 /* Sources */,
				09394F6329367C40000FECD2 /* Frameworks */,
				09394F6429367C40000FECD2 /* Resources */,
				24F8FB84C98513BD9E2A9BD5 /* [CP] Embed Pods Frameworks */,
			);
			buildRules = (
			);
			dependencies = (
			);
			name = "HW-21";
			packageProductDependencies = (
				09394F7E29367FE8000FECD2 /* SnapKit */,
			);
			productName = "HW-21";
			productReference = 09394F6629367C40000FECD2 /* HW-21.app */;
			productType = "com.apple.product-type.application";
		};
/* End PBXNativeTarget section */

/* Begin PBXProject section */
		09394F5E29367C40000FECD2 /* Project object */ = {
			isa = PBXProject;
			attributes = {
				BuildIndependentTargetsInParallel = 1;
				LastSwiftUpdateCheck = 1340;
				LastUpgradeCheck = 1340;
				TargetAttributes = {
					09394F6529367C40000FECD2 = {
						CreatedOnToolsVersion = 13.4;
					};
				};
			};
			buildConfigurationList = 09394F6129367C40000FECD2 /* Build configuration list for PBXProject "HW-21" */;
			compatibilityVersion = "Xcode 13.0";
			developmentRegion = en;
			hasScannedForEncodings = 0;
			knownRegions = (
				en,
				Base,
			);
			mainGroup = 09394F5D29367C40000FECD2;
			packageReferences = (
				09394F7D29367FE7000FECD2 /* XCRemoteSwiftPackageReference "SnapKit" */,
			);
			productRefGroup = 09394F6729367C40000FECD2 /* Products */;
			projectDirPath = "";
			projectRoot = "";
			targets = (
				09394F6529367C40000FECD2 /* HW-21 */,
			);
		};
/* End PBXProject section */

/* Begin PBXResourcesBuildPhase section */
		09394F6429367C40000FECD2 /* Resources */ = {
			isa = PBXResourcesBuildPhase;
			buildActionMask = 2147483647;
			files = (
				09394F7629367C45000FECD2 /* LaunchScreen.storyboard in Resources */,
				09394F7329367C45000FECD2 /* Assets.xcassets in Resources */,
				09394F7129367C40000FECD2 /* Main.storyboard in Resources */,
			);
			runOnlyForDeploymentPostprocessing = 0;
		};
/* End PBXResourcesBuildPhase section */

/* Begin PBXShellScriptBuildPhase section */
		24F8FB84C98513BD9E2A9BD5 /* [CP] Embed Pods Frameworks */ = {
			isa = PBXShellScriptBuildPhase;
			buildActionMask = 2147483647;
			files = (
			);
			inputFileListPaths = (
				"${PODS_ROOT}/Target Support Files/Pods-HW-21/Pods-HW-21-frameworks-${CONFIGURATION}-input-files.xcfilelist",
			);
			name = "[CP] Embed Pods Frameworks";
			outputFileListPaths = (
				"${PODS_ROOT}/Target Support Files/Pods-HW-21/Pods-HW-21-frameworks-${CONFIGURATION}-output-files.xcfilelist",
			);
			runOnlyForDeploymentPostprocessing = 0;
			shellPath = /bin/sh;
			shellScript = "\"${PODS_ROOT}/Target Support Files/Pods-HW-21/Pods-HW-21-frameworks.sh\"\n";
			showEnvVarsInLog = 0;
		};
		4583D72A4D96B38DA481E2C7 /* [CP] Check Pods Manifest.lock */ = {
			isa = PBXShellScriptBuildPhase;
			buildActionMask = 2147483647;
			files = (
			);
			inputFileListPaths = (
			);
			inputPaths = (
				"${PODS_PODFILE_DIR_PATH}/Podfile.lock",
				"${PODS_ROOT}/Manifest.lock",
			);
			name = "[CP] Check Pods Manifest.lock";
			outputFileListPaths = (
			);
			outputPaths = (
				"$(DERIVED_FILE_DIR)/Pods-HW-21-checkManifestLockResult.txt",
			);
			runOnlyForDeploymentPostprocessing = 0;
			shellPath = /bin/sh;
			shellScript = "diff \"${PODS_PODFILE_DIR_PATH}/Podfile.lock\" \"${PODS_ROOT}/Manifest.lock\" > /dev/null\nif [ $? != 0 ] ; then\n    # print error to STDERR\n    echo \"error: The sandbox is not in sync with the Podfile.lock. Run 'pod install' or update your CocoaPods installation.\" >&2\n    exit 1\nfi\n# This output is used by Xcode 'outputs' to avoid re-running this script phase.\necho \"SUCCESS\" > \"${SCRIPT_OUTPUT_FILE_0}\"\n";
			showEnvVarsInLog = 0;
		};
/* End PBXShellScriptBuildPhase section */

/* Begin PBXSourcesBuildPhase section */
		09394F6229367C40000FECD2 /* Sources */ = {
			isa = PBXSourcesBuildPhase;
			buildActionMask = 2147483647;
			files = (
				09394F832936815B000FECD2 /* TableViewCell.swift in Sources */,
				09394F6E29367C40000FECD2 /* ViewController.swift in Sources */,
				09394F6A29367C40000FECD2 /* AppDelegate.swift in Sources */,
				09394F85293681F4000FECD2 /* DetailViewController.swift in Sources */,
				09394F6C29367C40000FECD2 /* SceneDelegate.swift in Sources */,
				09394F8129368116000FECD2 /* Model.swift in Sources */,
			);
			runOnlyForDeploymentPostprocessing = 0;
		};
/* End PBXSourcesBuildPhase section */

/* Begin PBXVariantGroup section */
		09394F6F29367C40000FECD2 /* Main.storyboard */ = {
			isa = PBXVariantGroup;
			children = (
				09394F7029367C40000FECD2 /* Base */,
			);
			name = Main.storyboard;
			sourceTree = "<group>";
		};
		09394F7429367C45000FECD2 /* LaunchScreen.storyboard */ = {
			isa = PBXVariantGroup;
			children = (
				09394F7529367C45000FECD2 /* Base */,
			);
			name = LaunchScreen.storyboard;
			sourceTree = "<group>";
		};
/* End PBXVariantGroup section */

/* Begin XCBuildConfiguration section */
		09394F7829367C45000FECD2 /* Debug */ = {
			isa = XCBuildConfiguration;
			buildSettings = {
				ALWAYS_SEARCH_USER_PATHS = NO;
				CLANG_ANALYZER_NONNULL = YES;
				CLANG_ANALYZER_NUMBER_OBJECT_CONVERSION = YES_AGGRESSIVE;
				CLANG_CXX_LANGUAGE_STANDARD = "gnu++17";
				CLANG_ENABLE_MODULES = YES;
				CLANG_ENABLE_OBJC_ARC = YES;
				CLANG_ENABLE_OBJC_WEAK = YES;
				CLANG_WARN_BLOCK_CAPTURE_AUTORELEASING = YES;
				CLANG_WARN_BOOL_CONVERSION = YES;
				CLANG_WARN_COMMA = YES;
				CLANG_WARN_CONSTANT_CONVERSION = YES;
				CLANG_WARN_DEPRECATED_OBJC_IMPLEMENTATIONS = YES;
				CLANG_WARN_DIRECT_OBJC_ISA_USAGE = YES_ERROR;
				CLANG_WARN_DOCUMENTATION_COMMENTS = YES;
				CLANG_WARN_EMPTY_BODY = YES;
				CLANG_WARN_ENUM_CONVERSION = YES;
				CLANG_WARN_INFINITE_RECURSION = YES;
				CLANG_WARN_INT_CONVERSION = YES;
				CLANG_WARN_NON_LITERAL_NULL_CONVERSION = YES;
				CLANG_WARN_OBJC_IMPLICIT_RETAIN_SELF = YES;
				CLANG_WARN_OBJC_LITERAL_CONVERSION = YES;
				CLANG_WARN_OBJC_ROOT_CLASS = YES_ERROR;
				CLANG_WARN_QUOTED_INCLUDE_IN_FRAMEWORK_HEADER = YES;
				CLANG_WARN_RANGE_LOOP_ANALYSIS = YES;
				CLANG_WARN_STRICT_PROTOTYPES = YES;
				CLANG_WARN_SUSPICIOUS_MOVE = YES;
				CLANG_WARN_UNGUARDED_AVAILABILITY = YES_AGGRESSIVE;
				CLANG_WARN_UNREACHABLE_CODE = YES;
				CLANG_WARN__DUPLICATE_METHOD_MATCH = YES;
				COPY_PHASE_STRIP = NO;
				DEBUG_INFORMATION_FORMAT = dwarf;
				ENABLE_STRICT_OBJC_MSGSEND = YES;
				ENABLE_TESTABILITY = YES;
				GCC_C_LANGUAGE_STANDARD = gnu11;
				GCC_DYNAMIC_NO_PIC = NO;
				GCC_NO_COMMON_BLOCKS = YES;
				GCC_OPTIMIZATION_LEVEL = 0;
				GCC_PREPROCESSOR_DEFINITIONS = (
					"DEBUG=1",
					"$(inherited)",
				);
				GCC_WARN_64_TO_32_BIT_CONVERSION = YES;
				GCC_WARN_ABOUT_RETURN_TYPE = YES_ERROR;
				GCC_WARN_UNDECLARED_SELECTOR = YES;
				GCC_WARN_UNINITIALIZED_AUTOS = YES_AGGRESSIVE;
				GCC_WARN_UNUSED_FUNCTION = YES;
				GCC_WARN_UNUSED_VARIABLE = YES;
				IPHONEOS_DEPLOYMENT_TARGET = 15.5;
				MTL_ENABLE_DEBUG_INFO = INCLUDE_SOURCE;
				MTL_FAST_MATH = YES;
				ONLY_ACTIVE_ARCH = YES;
				SDKROOT = iphoneos;
				SWIFT_ACTIVE_COMPILATION_CONDITIONS = DEBUG;
				SWIFT_OPTIMIZATION_LEVEL = "-Onone";
			};
			name = Debug;
		};
		09394F7929367C45000FECD2 /* Release */ = {
			isa = XCBuildConfiguration;
			buildSettings = {
				ALWAYS_SEARCH_USER_PATHS = NO;
				CLANG_ANALYZER_NONNULL = YES;
				CLANG_ANALYZER_NUMBER_OBJECT_CONVERSION = YES_AGGRESSIVE;
				CLANG_CXX_LANGUAGE_STANDARD = "gnu++17";
				CLANG_ENABLE_MODULES = YES;
				CLANG_ENABLE_OBJC_ARC = YES;
				CLANG_ENABLE_OBJC_WEAK = YES;
				CLANG_WARN_BLOCK_CAPTURE_AUTORELEASING = YES;
				CLANG_WARN_BOOL_CONVERSION = YES;
				CLANG_WARN_COMMA = YES;
				CLANG_WARN_CONSTANT_CONVERSION = YES;
				CLANG_WARN_DEPRECATED_OBJC_IMPLEMENTATIONS = YES;
				CLANG_WARN_DIRECT_OBJC_ISA_USAGE = YES_ERROR;
				CLANG_WARN_DOCUMENTATION_COMMENTS = YES;
				CLANG_WARN_EMPTY_BODY = YES;
				CLANG_WARN_ENUM_CONVERSION = YES;
				CLANG_WARN_INFINITE_RECURSION = YES;
				CLANG_WARN_INT_CONVERSION = YES;
				CLANG_WARN_NON_LITERAL_NULL_CONVERSION = YES;
				CLANG_WARN_OBJC_IMPLICIT_RETAIN_SELF = YES;
				CLANG_WARN_OBJC_LITERAL_CONVERSION = YES;
				CLANG_WARN_OBJC_ROOT_CLASS = YES_ERROR;
				CLANG_WARN_QUOTED_INCLUDE_IN_FRAMEWORK_HEADER = YES;
				CLANG_WARN_RANGE_LOOP_ANALYSIS = YES;
				CLANG_WARN_STRICT_PROTOTYPES = YES;
				CLANG_WARN_SUSPICIOUS_MOVE = YES;
				CLANG_WARN_UNGUARDED_AVAILABILITY = YES_AGGRESSIVE;
				CLANG_WARN_UNREACHABLE_CODE = YES;
				CLANG_WARN__DUPLICATE_METHOD_MATCH = YES;
				COPY_PHASE_STRIP = NO;
				DEBUG_INFORMATION_FORMAT = "dwarf-with-dsym";
				ENABLE_NS_ASSERTIONS = NO;
				ENABLE_STRICT_OBJC_MSGSEND = YES;
				GCC_C_LANGUAGE_STANDARD = gnu11;
				GCC_NO_COMMON_BLOCKS = YES;
				GCC_WARN_64_TO_32_BIT_CONVERSION = YES;
				GCC_WARN_ABOUT_RETURN_TYPE = YES_ERROR;
				GCC_WARN_UNDECLARED_SELECTOR = YES;
				GCC_WARN_UNINITIALIZED_AUTOS = YES_AGGRESSIVE;
				GCC_WARN_UNUSED_FUNCTION = YES;
				GCC_WARN_UNUSED_VARIABLE = YES;
				IPHONEOS_DEPLOYMENT_TARGET = 15.5;
				MTL_ENABLE_DEBUG_INFO = NO;
				MTL_FAST_MATH = YES;
				SDKROOT = iphoneos;
				SWIFT_COMPILATION_MODE = wholemodule;
				SWIFT_OPTIMIZATION_LEVEL = "-O";
				VALIDATE_PRODUCT = YES;
			};
			name = Release;
		};
		09394F7B29367C45000FECD2 /* Debug */ = {
			isa = XCBuildConfiguration;
			baseConfigurationReference = DCD0E30D8AAE209F4F8C9EE6 /* Pods-HW-21.debug.xcconfig */;
			buildSettings = {
				ASSETCATALOG_COMPILER_APPICON_NAME = AppIcon;
				ASSETCATALOG_COMPILER_GLOBAL_ACCENT_COLOR_NAME = AccentColor;
				CODE_SIGN_STYLE = Automatic;
				CURRENT_PROJECT_VERSION = 1;
				GENERATE_INFOPLIST_FILE = YES;
				INFOPLIST_FILE = "HW-21/Info.plist";
				INFOPLIST_KEY_UIApplicationSupportsIndirectInputEvents = YES;
				INFOPLIST_KEY_UILaunchStoryboardName = LaunchScreen;
				INFOPLIST_KEY_UIMainStoryboardFile = Main;
				INFOPLIST_KEY_UISupportedInterfaceOrientations_iPad = "UIInterfaceOrientationPortrait UIInterfaceOrientationPortraitUpsideDown UIInterfaceOrientationLandscapeLeft UIInterfaceOrientationLandscapeRight";
				INFOPLIST_KEY_UISupportedInterfaceOrientations_iPhone = "UIInterfaceOrientationPortrait UIInterfaceOrientationLandscapeLeft UIInterfaceOrientationLandscapeRight";
				LD_RUNPATH_SEARCH_PATHS = (
					"$(inherited)",
					"@executable_path/Frameworks",
				);
				MARKETING_VERSION = 1.0;
				PRODUCT_BUNDLE_IDENTIFIER = "com.my.HW-21";
				PRODUCT_NAME = "$(TARGET_NAME)";
				SWIFT_EMIT_LOC_STRINGS = YES;
				SWIFT_VERSION = 5.0;
				TARGETED_DEVICE_FAMILY = "1,2";
			};
			name = Debug;
		};
		09394F7C29367C45000FECD2 /* Release */ = {
			isa = XCBuildConfiguration;
			baseConfigurationReference = BE636B837AA9FA577D9197BC /* Pods-HW-21.release.xcconfig */;
			buildSettings = {
				ASSETCATALOG_COMPILER_APPICON_NAME = AppIcon;
				ASSETCATALOG_COMPILER_GLOBAL_ACCENT_COLOR_NAME = AccentColor;
				CODE_SIGN_STYLE = Automatic;
				CURRENT_PROJECT_VERSION = 1;
				GENERATE_INFOPLIST_FILE = YES;
				INFOPLIST_FILE = "HW-21/Info.plist";
				INFOPLIST_KEY_UIApplicationSupportsIndirectInputEvents = YES;
				INFOPLIST_KEY_UILaunchStoryboardName = LaunchScreen;
				INFOPLIST_KEY_UIMainStoryboardFile = Main;
				INFOPLIST_KEY_UISupportedInterfaceOrientations_iPad = "UIInterfaceOrientationPortrait UIInterfaceOrientationPortraitUpsideDown UIInterfaceOrientationLandscapeLeft UIInterfaceOrientationLandscapeRight";
				INFOPLIST_KEY_UISupportedInterfaceOrientations_iPhone = "UIInterfaceOrientationPortrait UIInterfaceOrientationLandscapeLeft UIInterfaceOrientationLandscapeRight";
				LD_RUNPATH_SEARCH_PATHS = (
					"$(inherited)",
					"@executable_path/Frameworks",
				);
				MARKETING_VERSION = 1.0;
				PRODUCT_BUNDLE_IDENTIFIER = "com.my.HW-21";
				PRODUCT_NAME = "$(TARGET_NAME)";
				SWIFT_EMIT_LOC_STRINGS = YES;
				SWIFT_VERSION = 5.0;
				TARGETED_DEVICE_FAMILY = "1,2";
			};
			name = Release;
		};
/* End XCBuildConfiguration section */

/* Begin XCConfigurationList section */
		09394F6129367C40000FECD2 /* Build configuration list for PBXProject "HW-21" */ = {
			isa = XCConfigurationList;
			buildConfigurations = (
				09394F7829367C45000FECD2 /* Debug */,
				09394F7929367C45000FECD2 /* Release */,
			);
			defaultConfigurationIsVisible = 0;
			defaultConfigurationName = Release;
		};
		09394F7A29367C45000FECD2 /* Build configuration list for PBXNativeTarget "HW-21" */ = {
			isa = XCConfigurationList;
			buildConfigurations = (
				09394F7B29367C45000FECD2 /* Debug */,
				09394F7C29367C45000FECD2 /* Release */,
			);
			defaultConfigurationIsVisible = 0;
			defaultConfigurationName = Release;
		};
/* End XCConfigurationList section */

/* Begin XCRemoteSwiftPackageReference section */
		09394F7D29367FE7000FECD2 /* XCRemoteSwiftPackageReference "SnapKit" */ = {
			isa = XCRemoteSwiftPackageReference;
			repositoryURL = "https://github.com/SnapKit/SnapKit.git";
			requirement = {
				branch = develop;
				kind = branch;
			};
		};
/* End XCRemoteSwiftPackageReference section */

/* Begin XCSwiftPackageProductDependency section */
		09394F7E29367FE8000FECD2 /* SnapKit */ = {
			isa = XCSwiftPackageProductDependency;
			package = 09394F7D29367FE7000FECD2 /* XCRemoteSwiftPackageReference "SnapKit" */;
			productName = SnapKit;
		};
/* End XCSwiftPackageProductDependency section */
	};
	rootObject = 09394F5E29367C40000FECD2 /* Project object */;
}
